
Microsoft Visual Studio Solution File, Format Version 12.00
# Visual Studio 2013
VisualStudioVersion = 12.0.31101.0
MinimumVisualStudioVersion = 10.0.40219.1
Project("{FAE04EC0-301F-11D3-BF4B-00C04F79EFBC}") = "ProductionCode", "ProductionCode\ProductionCode.csproj", "{A77F27B9-1154-49B8-A94D-8B9AA06091B1}"
EndProject
Project("{FAE04EC0-301F-11D3-BF4B-00C04F79EFBC}") = "ProductionCode.Tests", "ProductionCode.Tests\ProductionCode.Tests.csproj", "{A8EE3633-835A-462A-AF66-7E03DCFDE4FA}"
EndProject
Project("{2150E333-8FDC-42A3-9474-1A3956D46DE8}") = ".nuget", ".nuget", "{9357F148-4E7B-4D3F-AB0B-0760017C2119}"
	ProjectSection(SolutionItems) = preProject
		.nuget\packages.config = .nuget\packages.config
	EndProjectSection
EndProject
Global
	GlobalSection(SolutionConfigurationPlatforms) = preSolution
		Debug|Any CPU = Debug|Any CPU
		Release|Any CPU = Release|Any CPU
	EndGlobalSection
	GlobalSection(ProjectConfigurationPlatforms) = postSolution
		{A77F27B9-1154-49B8-A94D-8B9AA06091B1}.Debug|Any CPU.ActiveCfg = Debug|Any CPU
		{A77F27B9-1154-49B8-A94D-8B9AA06091B1}.Debug|Any CPU.Build.0 = Debug|Any CPU
		{A77F27B9-1154-49B8-A94D-8B9AA06091B1}.Release|Any CPU.ActiveCfg = Release|Any CPU
		{A77F27B9-1154-49B8-A94D-8B9AA06091B1}.Release|Any CPU.Build.0 = Release|Any CPU
		{A8EE3633-835A-462A-AF66-7E03DCFDE4FA}.Debug|Any CPU.ActiveCfg = Debug|Any CPU
		{A8EE3633-835A-462A-AF66-7E03DCFDE4FA}.Debug|Any CPU.Build.0 = Debug|Any CPU
		{A8EE3633-835A-462A-AF66-7E03DCFDE4FA}.Release|Any CPU.ActiveCfg = Release|Any CPU
		{A8EE3633-835A-462A-AF66-7E03DCFDE4FA}.Release|Any CPU.Build.0 = Release|Any CPU
	EndGlobalSection
	GlobalSection(SolutionProperties) = preSolution
		HideSolutionNode = FALSE
	EndGlobalSection
EndGlobal
